// !$*UTF8*$!
{
	archiveVersion = 1;
	classes = {
	};
	objectVersion = 50;
	objects = {

/* Begin PBXBuildFile section */
		A68FD9A2269569BE002122CE /* AppDelegate.swift in Sources */ = {isa = PBXBuildFile; fileRef = A68FD9A1269569BE002122CE /* AppDelegate.swift */; };
		A68FD9A4269569BE002122CE /* SceneDelegate.swift in Sources */ = {isa = PBXBuildFile; fileRef = A68FD9A3269569BE002122CE /* SceneDelegate.swift */; };
		A68FD9A6269569BE002122CE /* ViewController.swift in Sources */ = {isa = PBXBuildFile; fileRef = A68FD9A5269569BE002122CE /* ViewController.swift */; };
		A68FD9A9269569BE002122CE /* Main.storyboard in Resources */ = {isa = PBXBuildFile; fileRef = A68FD9A7269569BE002122CE /* Main.storyboard */; };
		A68FD9AB269569C0002122CE /* Assets.xcassets in Resources */ = {isa = PBXBuildFile; fileRef = A68FD9AA269569C0002122CE /* Assets.xcassets */; };
		A68FD9AE269569C0002122CE /* LaunchScreen.storyboard in Resources */ = {isa = PBXBuildFile; fileRef = A68FD9AC269569C0002122CE /* LaunchScreen.storyboard */; };
		A68FD9B726956D88002122CE /* Question.swift in Sources */ = {isa = PBXBuildFile; fileRef = A68FD9B626956D88002122CE /* Question.swift */; };
/* End PBXBuildFile section */

/* Begin PBXFileReference section */
		A68FD99E269569BE002122CE /* CarCheckProject.app */ = {isa = PBXFileReference; explicitFileType = wrapper.application; includeInIndex = 0; path = CarCheckProject.app; sourceTree = BUILT_PRODUCTS_DIR; };
		A68FD9A1269569BE002122CE /* AppDelegate.swift */ = {isa = PBXFileReference; lastKnownFileType = sourcecode.swift; path = AppDelegate.swift; sourceTree = "<group>"; };
		A68FD9A3269569BE002122CE /* SceneDelegate.swift */ = {isa = PBXFileReference; lastKnownFileType = sourcecode.swift; path = SceneDelegate.swift; sourceTree = "<group>"; };
		A68FD9A5269569BE002122CE /* ViewController.swift */ = {isa = PBXFileReference; lastKnownFileType = sourcecode.swift; path = ViewController.swift; sourceTree = "<group>"; };
		A68FD9A8269569BE002122CE /* Base */ = {isa = PBXFileReference; lastKnownFileType = file.storyboard; name = Base; path = Base.lproj/Main.storyboard; sourceTree = "<group>"; };
		A68FD9AA269569C0002122CE /* Assets.xcassets */ = {isa = PBXFileReference; lastKnownFileType = folder.assetcatalog; path = Assets.xcassets; sourceTree = "<group>"; };
		A68FD9AD269569C0002122CE /* Base */ = {isa = PBXFileReference; lastKnownFileType = file.storyboard; name = Base; path = Base.lproj/LaunchScreen.storyboard; sourceTree = "<group>"; };
		A68FD9AF269569C0002122CE /* Info.plist */ = {isa = PBXFileReference; lastKnownFileType = text.plist.xml; path = Info.plist; sourceTree = "<group>"; };
		A68FD9B626956D88002122CE /* Question.swift */ = {isa = PBXFileReference; lastKnownFileType = sourcecode.swift; path = Question.swift; sourceTree = "<group>"; };
/* End PBXFileReference section */

/* Begin PBXFrameworksBuildPhase section */
		A68FD99B269569BE002122CE /* Frameworks */ = {
			isa = PBXFrameworksBuildPhase;
			buildActionMask = 2147483647;
			files = (
			);
			runOnlyForDeploymentPostprocessing = 0;
		};
/* End PBXFrameworksBuildPhase section */

/* Begin PBXGroup section */
		A68FD995269569BE002122CE = {
			isa = PBXGroup;
			children = (
				A68FD9A0269569BE002122CE /* CarCheckProject */,
				A68FD99F269569BE002122CE /* Products */,
			);
			sourceTree = "<group>";
		};
		A68FD99F269569BE002122CE /* Products */ = {
			isa = PBXGroup;
			children = (
				A68FD99E269569BE002122CE /* CarCheckProject.app */,
			);
			name = Products;
			sourceTree = "<group>";
		};
		A68FD9A0269569BE002122CE /* CarCheckProject */ = {
			isa = PBXGroup;
			children = (
				A68FD9A1269569BE002122CE /* AppDelegate.swift */,
				A68FD9A3269569BE002122CE /* SceneDelegate.swift */,
				A68FD9A5269569BE002122CE /* ViewController.swift */,
				A68FD9B626956D88002122CE /* Question.swift */,
				A68FD9A7269569BE002122CE /* Main.storyboard */,
				A68FD9AA269569C0002122CE /* Assets.xcassets */,
				A68FD9AC269569C0002122CE /* LaunchScreen.storyboard */,
				A68FD9AF269569C0002122CE /* Info.plist */,
			);
			path = CarCheckProject;
			sourceTree = "<group>";
		};
/* End PBXGroup section */

/* Begin PBXNativeTarget section */
		A68FD99D269569BE002122CE /* CarCheckProject */ = {
			isa = PBXNativeTarget;
			buildConfigurationList = A68FD9B2269569C0002122CE /* Build configuration list for PBXNativeTarget "CarCheckProject" */;
			buildPhases = (
				A68FD99A269569BE002122CE /* Sources */,
				A68FD99B269569BE002122CE /* Frameworks */,
				A68FD99C269569BE002122CE /* Resources */,
			);
			buildRules = (
			);
			dependencies = (
			);
			name = CarCheckProject;
			productName = CarCheckProject;
			productReference = A68FD99E269569BE002122CE /* CarCheckProject.app */;
			productType = "com.apple.product-type.application";
		};
/* End PBXNativeTarget section */

/* Begin PBXProject section */
		A68FD996269569BE002122CE /* Project object */ = {
			isa = PBXProject;
			attributes = {
				LastSwiftUpdateCheck = 1240;
				LastUpgradeCheck = 1240;
				TargetAttributes = {
					A68FD99D269569BE002122CE = {
						CreatedOnToolsVersion = 12.4;
					};
				};
			};
			buildConfigurationList = A68FD999269569BE002122CE /* Build configuration list for PBXProject "CarCheckProject" */;
			compatibilityVersion = "Xcode 9.3";
			developmentRegion = en;
			hasScannedForEncodings = 0;
			knownRegions = (
				en,
				Base,
			);
			mainGroup = A68FD995269569BE002122CE;
			productRefGroup = A68FD99F269569BE002122CE /* Products */;
			projectDirPath = "";
			projectRoot = "";
			targets = (
				A68FD99D269569BE002122CE /* CarCheckProject */,
			);
		};
/* End PBXProject section */

/* Begin PBXResourcesBuildPhase section */
		A68FD99C269569BE002122CE /* Resources */ = {
			isa = PBXResourcesBuildPhase;
			buildActionMask = 2147483647;
			files = (
				A68FD9AE269569C0002122CE /* LaunchScreen.storyboard in Resources */,
				A68FD9AB269569C0002122CE /* Assets.xcassets in Resources */,
				A68FD9A9269569BE002122CE /* Main.storyboard in Resources */,
			);
			runOnlyForDeploymentPostprocessing = 0;
		};
/* End PBXResourcesBuildPhase section */

/* Begin PBXSourcesBuildPhase section */
		A68FD99A269569BE002122CE /* Sources */ = {
			isa = PBXSourcesBuildPhase;
			buildActionMask = 2147483647;
			files = (
				A68FD9A6269569BE002122CE /* ViewController.swift in Sources */,
				A68FD9B726956D88002122CE /* Question.swift in Sources */,
				A68FD9A2269569BE002122CE /* AppDelegate.swift in Sources */,
				A68FD9A4269569BE002122CE /* SceneDelegate.swift in Sources */,
			);
			runOnlyForDeploymentPostprocessing = 0;
		};
/* End PBXSourcesBuildPhase section */

/* Begin PBXVariantGroup section */
		A68FD9A7269569BE002122CE /* Main.storyboard */ = {
			isa = PBXVariantGroup;
			children = (
				A68FD9A8269569BE002122CE /* Base */,
			);
			name = Main.storyboard;
			sourceTree = "<group>";
		};
		A68FD9AC269569C0002122CE /* LaunchScreen.storyboard */ = {
			isa = PBXVariantGroup;
			children = (
				A68FD9AD269569C0002122CE /* Base */,
			);
			name = LaunchScreen.storyboard;
			sourceTree = "<group>";
		};
/* End PBXVariantGroup section */

/* Begin XCBuildConfiguration section */
		A68FD9B0269569C0002122CE /* Debug */ = {
			isa = XCBuildConfiguration;
			buildSettings = {
				ALWAYS_SEARCH_USER_PATHS = NO;
				CLANG_ANALYZER_NONNULL = YES;
				CLANG_ANALYZER_NUMBER_OBJECT_CONVERSION = YES_AGGRESSIVE;
				CLANG_CXX_LANGUAGE_STANDARD = "gnu++14";
				CLANG_CXX_LIBRARY = "libc++";
				CLANG_ENABLE_MODULES = YES;
				CLANG_ENABLE_OBJC_ARC = YES;
				CLANG_ENABLE_OBJC_WEAK = YES;
				CLANG_WARN_BLOCK_CAPTURE_AUTORELEASING = YES;
				CLANG_WARN_BOOL_CONVERSION = YES;
				CLANG_WARN_COMMA = YES;
				CLANG_WARN_CONSTANT_CONVERSION = YES;
				CLANG_WARN_DEPRECATED_OBJC_IMPLEMENTATIONS = YES;
				CLANG_WARN_DIRECT_OBJC_ISA_USAGE = YES_ERROR;
				CLANG_WARN_DOCUMENTATION_COMMENTS = YES;
				CLANG_WARN_EMPTY_BODY = YES;
				CLANG_WARN_ENUM_CONVERSION = YES;
				CLANG_WARN_INFINITE_RECURSION = YES;
				CLANG_WARN_INT_CONVERSION = YES;
				CLANG_WARN_NON_LITERAL_NULL_CONVERSION = YES;
				CLANG_WARN_OBJC_IMPLICIT_RETAIN_SELF = YES;
				CLANG_WARN_OBJC_LITERAL_CONVERSION = YES;
				CLANG_WARN_OBJC_ROOT_CLASS = YES_ERROR;
				CLANG_WARN_QUOTED_INCLUDE_IN_FRAMEWORK_HEADER = YES;
				CLANG_WARN_RANGE_LOOP_ANALYSIS = YES;
				CLANG_WARN_STRICT_PROTOTYPES = YES;
				CLANG_WARN_SUSPICIOUS_MOVE = YES;
				CLANG_WARN_UNGUARDED_AVAILABILITY = YES_AGGRESSIVE;
				CLANG_WARN_UNREACHABLE_CODE = YES;
				CLANG_WARN__DUPLICATE_METHOD_MATCH = YES;
				COPY_PHASE_STRIP = NO;
				DEBUG_INFORMATION_FORMAT = dwarf;
				ENABLE_STRICT_OBJC_MSGSEND = YES;
				ENABLE_TESTABILITY = YES;
				GCC_C_LANGUAGE_STANDARD = gnu11;
				GCC_DYNAMIC_NO_PIC = NO;
				GCC_NO_COMMON_BLOCKS = YES;
				GCC_OPTIMIZATION_LEVEL = 0;
				GCC_PREPROCESSOR_DEFINITIONS = (
					"DEBUG=1",
					"$(inherited)",
				);
				GCC_WARN_64_TO_32_BIT_CONVERSION = YES;
				GCC_WARN_ABOUT_RETURN_TYPE = YES_ERROR;
				GCC_WARN_UNDECLARED_SELECTOR = YES;
				GCC_WARN_UNINITIALIZED_AUTOS = YES_AGGRESSIVE;
				GCC_WARN_UNUSED_FUNCTION = YES;
				GCC_WARN_UNUSED_VARIABLE = YES;
				IPHONEOS_DEPLOYMENT_TARGET = 14.4;
				MTL_ENABLE_DEBUG_INFO = INCLUDE_SOURCE;
				MTL_FAST_MATH = YES;
				ONLY_ACTIVE_ARCH = YES;
				SDKROOT = iphoneos;
				SWIFT_ACTIVE_COMPILATION_CONDITIONS = DEBUG;
				SWIFT_OPTIMIZATION_LEVEL = "-Onone";
			};
			name = Debug;
		};
		A68FD9B1269569C0002122CE /* Release */ = {
			isa = XCBuildConfiguration;
			buildSettings = {
				ALWAYS_SEARCH_USER_PATHS = NO;
				CLANG_ANALYZER_NONNULL = YES;
				CLANG_ANALYZER_NUMBER_OBJECT_CONVERSION = YES_AGGRESSIVE;
				CLANG_CXX_LANGUAGE_STANDARD = "gnu++14";
				CLANG_CXX_LIBRARY = "libc++";
				CLANG_ENABLE_MODULES = YES;
				CLANG_ENABLE_OBJC_ARC = YES;
				CLANG_ENABLE_OBJC_WEAK = YES;
				CLANG_WARN_BLOCK_CAPTURE_AUTORELEASING = YES;
				CLANG_WARN_BOOL_CONVERSION = YES;
				CLANG_WARN_COMMA = YES;
				CLANG_WARN_CONSTANT_CONVERSION = YES;
				CLANG_WARN_DEPRECATED_OBJC_IMPLEMENTATIONS = YES;
				CLANG_WARN_DIRECT_OBJC_ISA_USAGE = YES_ERROR;
				CLANG_WARN_DOCUMENTATION_COMMENTS = YES;
				CLANG_WARN_EMPTY_BODY = YES;
				CLANG_WARN_ENUM_CONVERSION = YES;
				CLANG_WARN_INFINITE_RECURSION = YES;
				CLANG_WARN_INT_CONVERSION = YES;
				CLANG_WARN_NON_LITERAL_NULL_CONVERSION = YES;
				CLANG_WARN_OBJC_IMPLICIT_RETAIN_SELF = YES;
				CLANG_WARN_OBJC_LITERAL_CONVERSION = YES;
				CLANG_WARN_OBJC_ROOT_CLASS = YES_ERROR;
				CLANG_WARN_QUOTED_INCLUDE_IN_FRAMEWORK_HEADER = YES;
				CLANG_WARN_RANGE_LOOP_ANALYSIS = YES;
				CLANG_WARN_STRICT_PROTOTYPES = YES;
				CLANG_WARN_SUSPICIOUS_MOVE = YES;
				CLANG_WARN_UNGUARDED_AVAILABILITY = YES_AGGRESSIVE;
				CLANG_WARN_UNREACHABLE_CODE = YES;
				CLANG_WARN__DUPLICATE_METHOD_MATCH = YES;
				COPY_PHASE_STRIP = NO;
				DEBUG_INFORMATION_FORMAT = "dwarf-with-dsym";
				ENABLE_NS_ASSERTIONS = NO;
				ENABLE_STRICT_OBJC_MSGSEND = YES;
				GCC_C_LANGUAGE_STANDARD = gnu11;
				GCC_NO_COMMON_BLOCKS = YES;
				GCC_WARN_64_TO_32_BIT_CONVERSION = YES;
				GCC_WARN_ABOUT_RETURN_TYPE = YES_ERROR;
				GCC_WARN_UNDECLARED_SELECTOR = YES;
				GCC_WARN_UNINITIALIZED_AUTOS = YES_AGGRESSIVE;
				GCC_WARN_UNUSED_FUNCTION = YES;
				GCC_WARN_UNUSED_VARIABLE = YES;
				IPHONEOS_DEPLOYMENT_TARGET = 14.4;
				MTL_ENABLE_DEBUG_INFO = NO;
				MTL_FAST_MATH = YES;
				SDKROOT = iphoneos;
				SWIFT_COMPILATION_MODE = wholemodule;
				SWIFT_OPTIMIZATION_LEVEL = "-O";
				VALIDATE_PRODUCT = YES;
			};
			name = Release;
		};
		A68FD9B3269569C0002122CE /* Debug */ = {
			isa = XCBuildConfiguration;
			buildSettings = {
				ASSETCATALOG_COMPILER_APPICON_NAME = AppIcon;
				ASSETCATALOG_COMPILER_GLOBAL_ACCENT_COLOR_NAME = AccentColor;
				CODE_SIGN_STYLE = Automatic;
				DEVELOPMENT_TEAM = 8R6WQM9KWN;
				INFOPLIST_FILE = CarCheckProject/Info.plist;
				LD_RUNPATH_SEARCH_PATHS = (
					"$(inherited)",
					"@executable_path/Frameworks",
				);
				PRODUCT_BUNDLE_IDENTIFIER = com.volkovAlx.CarCheckProject;
				PRODUCT_NAME = "$(TARGET_NAME)";
				SWIFT_VERSION = 5.0;
				TARGETED_DEVICE_FAMILY = "1,2";
			};
			name = Debug;
		};
		A68FD9B4269569C0002122CE /* Release */ = {
			isa = XCBuildConfiguration;
			buildSettings = {
				ASSETCATALOG_COMPILER_APPICON_NAME = AppIcon;
				ASSETCATALOG_COMPILER_GLOBAL_ACCENT_COLOR_NAME = AccentColor;
				CODE_SIGN_STYLE = Automatic;
				DEVELOPMENT_TEAM = 8R6WQM9KWN;
				INFOPLIST_FILE = CarCheckProject/Info.plist;
				LD_RUNPATH_SEARCH_PATHS = (
					"$(inherited)",
					"@executable_path/Frameworks",
				);
				PRODUCT_BUNDLE_IDENTIFIER = com.volkovAlx.CarCheckProject;
				PRODUCT_NAME = "$(TARGET_NAME)";
				SWIFT_VERSION = 5.0;
				TARGETED_DEVICE_FAMILY = "1,2";
			};
			name = Release;
		};
/* End XCBuildConfiguration section */

/* Begin XCConfigurationList section */
		A68FD999269569BE002122CE /* Build configuration list for PBXProject "CarCheckProject" */ = {
			isa = XCConfigurationList;
			buildConfigurations = (
				A68FD9B0269569C0002122CE /* Debug */,
				A68FD9B1269569C0002122CE /* Release */,
			);
			defaultConfigurationIsVisible = 0;
			defaultConfigurationName = Release;
		};
		A68FD9B2269569C0002122CE /* Build configuration list for PBXNativeTarget "CarCheckProject" */ = {
			isa = XCConfigurationList;
			buildConfigurations = (
				A68FD9B3269569C0002122CE /* Debug */,
				A68FD9B4269569C0002122CE /* Release */,
			);
			defaultConfigurationIsVisible = 0;
			defaultConfigurationName = Release;
		};
/* End XCConfigurationList section */
	};
	rootObject = A68FD996269569BE002122CE /* Project object */;
}
